// !$*UTF8*$!
{
	archiveVersion = 1;
	classes = {
	};
	objectVersion = 50;
	objects = {

/* Begin PBXBuildFile section */
		B1384AED24BBE8E6007177FF /* Constants.swift in Sources */ = {isa = PBXBuildFile; fileRef = B1384AEC24BBE8E6007177FF /* Constants.swift */; };
		B1384AF024BBE992007177FF /* Photo+CoreDataClass.swift in Sources */ = {isa = PBXBuildFile; fileRef = B1384AEE24BBE992007177FF /* Photo+CoreDataClass.swift */; };
		B1384AF124BBE992007177FF /* Photo+CoreDataProperties.swift in Sources */ = {isa = PBXBuildFile; fileRef = B1384AEF24BBE992007177FF /* Photo+CoreDataProperties.swift */; };
		B153BC4124BA3DEC004AB124 /* AppDelegate.swift in Sources */ = {isa = PBXBuildFile; fileRef = B153BC4024BA3DEC004AB124 /* AppDelegate.swift */; };
		B153BC4324BA3DEC004AB124 /* SceneDelegate.swift in Sources */ = {isa = PBXBuildFile; fileRef = B153BC4224BA3DEC004AB124 /* SceneDelegate.swift */; };
		B153BC4524BA3DEC004AB124 /* PhotosViewController.swift in Sources */ = {isa = PBXBuildFile; fileRef = B153BC4424BA3DEC004AB124 /* PhotosViewController.swift */; };
		B153BC4824BA3DEC004AB124 /* Main.storyboard in Resources */ = {isa = PBXBuildFile; fileRef = B153BC4624BA3DEC004AB124 /* Main.storyboard */; };
		B153BC4B24BA3DEC004AB124 /* MyPhotoApp.xcdatamodeld in Sources */ = {isa = PBXBuildFile; fileRef = B153BC4924BA3DEC004AB124 /* MyPhotoApp.xcdatamodeld */; };
		B153BC4D24BA3DEF004AB124 /* Assets.xcassets in Resources */ = {isa = PBXBuildFile; fileRef = B153BC4C24BA3DEF004AB124 /* Assets.xcassets */; };
		B153BC5024BA3DEF004AB124 /* LaunchScreen.storyboard in Resources */ = {isa = PBXBuildFile; fileRef = B153BC4E24BA3DEF004AB124 /* LaunchScreen.storyboard */; };
		B153BC5B24BA3DEF004AB124 /* MyPhotoAppTests.swift in Sources */ = {isa = PBXBuildFile; fileRef = B153BC5A24BA3DEF004AB124 /* MyPhotoAppTests.swift */; };
		B153BC6624BA3EF5004AB124 /* FlickrAPI.swift in Sources */ = {isa = PBXBuildFile; fileRef = B153BC6524BA3EF5004AB124 /* FlickrAPI.swift */; };
		B153BC6824BA4226004AB124 /* PhotoStore.swift in Sources */ = {isa = PBXBuildFile; fileRef = B153BC6724BA4226004AB124 /* PhotoStore.swift */; };
		B153BC6A24BA4542004AB124 /* FlickrPhoto.swift in Sources */ = {isa = PBXBuildFile; fileRef = B153BC6924BA4542004AB124 /* FlickrPhoto.swift */; };
		B153BC6C24BA45BB004AB124 /* FlickrResponse.swift in Sources */ = {isa = PBXBuildFile; fileRef = B153BC6B24BA45BB004AB124 /* FlickrResponse.swift */; };
		B153BC6E24BA45FC004AB124 /* FlickrPhotosResponse.swift in Sources */ = {isa = PBXBuildFile; fileRef = B153BC6D24BA45FC004AB124 /* FlickrPhotosResponse.swift */; };
		B194681024BA54EF00DCD29A /* PhotoDataSource.swift in Sources */ = {isa = PBXBuildFile; fileRef = B194680F24BA54EF00DCD29A /* PhotoDataSource.swift */; };
		B194681224BA8F3D00DCD29A /* PhotoCollectionViewCell.swift in Sources */ = {isa = PBXBuildFile; fileRef = B194681124BA8F3D00DCD29A /* PhotoCollectionViewCell.swift */; };
		B194681424BA982200DCD29A /* ImageStore.swift in Sources */ = {isa = PBXBuildFile; fileRef = B194681324BA982200DCD29A /* ImageStore.swift */; };
		B194681624BA993E00DCD29A /* PhotoInfoViewController.swift in Sources */ = {isa = PBXBuildFile; fileRef = B194681524BA993E00DCD29A /* PhotoInfoViewController.swift */; };
/* End PBXBuildFile section */

/* Begin PBXContainerItemProxy section */
		B153BC5724BA3DEF004AB124 /* PBXContainerItemProxy */ = {
			isa = PBXContainerItemProxy;
			containerPortal = B153BC3524BA3DEC004AB124 /* Project object */;
			proxyType = 1;
			remoteGlobalIDString = B153BC3C24BA3DEC004AB124;
			remoteInfo = MyPhotoApp;
		};
/* End PBXContainerItemProxy section */

/* Begin PBXFileReference section */
		B1384AEC24BBE8E6007177FF /* Constants.swift */ = {isa = PBXFileReference; lastKnownFileType = sourcecode.swift; path = Constants.swift; sourceTree = "<group>"; };
		B1384AEE24BBE992007177FF /* Photo+CoreDataClass.swift */ = {isa = PBXFileReference; lastKnownFileType = sourcecode.swift; path = "Photo+CoreDataClass.swift"; sourceTree = "<group>"; };
		B1384AEF24BBE992007177FF /* Photo+CoreDataProperties.swift */ = {isa = PBXFileReference; lastKnownFileType = sourcecode.swift; path = "Photo+CoreDataProperties.swift"; sourceTree = "<group>"; };
		B153BC3D24BA3DEC004AB124 /* MyPhotoApp.app */ = {isa = PBXFileReference; explicitFileType = wrapper.application; includeInIndex = 0; path = MyPhotoApp.app; sourceTree = BUILT_PRODUCTS_DIR; };
		B153BC4024BA3DEC004AB124 /* AppDelegate.swift */ = {isa = PBXFileReference; lastKnownFileType = sourcecode.swift; path = AppDelegate.swift; sourceTree = "<group>"; };
		B153BC4224BA3DEC004AB124 /* SceneDelegate.swift */ = {isa = PBXFileReference; lastKnownFileType = sourcecode.swift; path = SceneDelegate.swift; sourceTree = "<group>"; };
		B153BC4424BA3DEC004AB124 /* PhotosViewController.swift */ = {isa = PBXFileReference; lastKnownFileType = sourcecode.swift; path = PhotosViewController.swift; sourceTree = "<group>"; };
		B153BC4724BA3DEC004AB124 /* Base */ = {isa = PBXFileReference; lastKnownFileType = file.storyboard; name = Base; path = Base.lproj/Main.storyboard; sourceTree = "<group>"; };
		B153BC4A24BA3DEC004AB124 /* MyPhotoApp.xcdatamodel */ = {isa = PBXFileReference; lastKnownFileType = wrapper.xcdatamodel; path = MyPhotoApp.xcdatamodel; sourceTree = "<group>"; };
		B153BC4C24BA3DEF004AB124 /* Assets.xcassets */ = {isa = PBXFileReference; lastKnownFileType = folder.assetcatalog; path = Assets.xcassets; sourceTree = "<group>"; };
		B153BC4F24BA3DEF004AB124 /* Base */ = {isa = PBXFileReference; lastKnownFileType = file.storyboard; name = Base; path = Base.lproj/LaunchScreen.storyboard; sourceTree = "<group>"; };
		B153BC5124BA3DEF004AB124 /* Info.plist */ = {isa = PBXFileReference; lastKnownFileType = text.plist.xml; path = Info.plist; sourceTree = "<group>"; };
		B153BC5624BA3DEF004AB124 /* MyPhotoAppTests.xctest */ = {isa = PBXFileReference; explicitFileType = wrapper.cfbundle; includeInIndex = 0; path = MyPhotoAppTests.xctest; sourceTree = BUILT_PRODUCTS_DIR; };
		B153BC5A24BA3DEF004AB124 /* MyPhotoAppTests.swift */ = {isa = PBXFileReference; lastKnownFileType = sourcecode.swift; path = MyPhotoAppTests.swift; sourceTree = "<group>"; };
		B153BC5C24BA3DEF004AB124 /* Info.plist */ = {isa = PBXFileReference; lastKnownFileType = text.plist.xml; path = Info.plist; sourceTree = "<group>"; };
		B153BC6524BA3EF5004AB124 /* FlickrAPI.swift */ = {isa = PBXFileReference; lastKnownFileType = sourcecode.swift; path = FlickrAPI.swift; sourceTree = "<group>"; };
		B153BC6724BA4226004AB124 /* PhotoStore.swift */ = {isa = PBXFileReference; lastKnownFileType = sourcecode.swift; path = PhotoStore.swift; sourceTree = "<group>"; };
		B153BC6924BA4542004AB124 /* FlickrPhoto.swift */ = {isa = PBXFileReference; lastKnownFileType = sourcecode.swift; path = FlickrPhoto.swift; sourceTree = "<group>"; };
		B153BC6B24BA45BB004AB124 /* FlickrResponse.swift */ = {isa = PBXFileReference; lastKnownFileType = sourcecode.swift; path = FlickrResponse.swift; sourceTree = "<group>"; };
		B153BC6D24BA45FC004AB124 /* FlickrPhotosResponse.swift */ = {isa = PBXFileReference; lastKnownFileType = sourcecode.swift; path = FlickrPhotosResponse.swift; sourceTree = "<group>"; };
		B194680F24BA54EF00DCD29A /* PhotoDataSource.swift */ = {isa = PBXFileReference; lastKnownFileType = sourcecode.swift; path = PhotoDataSource.swift; sourceTree = "<group>"; };
		B194681124BA8F3D00DCD29A /* PhotoCollectionViewCell.swift */ = {isa = PBXFileReference; lastKnownFileType = sourcecode.swift; path = PhotoCollectionViewCell.swift; sourceTree = "<group>"; };
		B194681324BA982200DCD29A /* ImageStore.swift */ = {isa = PBXFileReference; fileEncoding = 4; lastKnownFileType = sourcecode.swift; path = ImageStore.swift; sourceTree = "<group>"; };
		B194681524BA993E00DCD29A /* PhotoInfoViewController.swift */ = {isa = PBXFileReference; lastKnownFileType = sourcecode.swift; path = PhotoInfoViewController.swift; sourceTree = "<group>"; };
/* End PBXFileReference section */

/* Begin PBXFrameworksBuildPhase section */
		B153BC3A24BA3DEC004AB124 /* Frameworks */ = {
			isa = PBXFrameworksBuildPhase;
			buildActionMask = 2147483647;
			files = (
			);
			runOnlyForDeploymentPostprocessing = 0;
		};
		B153BC5324BA3DEF004AB124 /* Frameworks */ = {
			isa = PBXFrameworksBuildPhase;
			buildActionMask = 2147483647;
			files = (
			);
			runOnlyForDeploymentPostprocessing = 0;
		};
/* End PBXFrameworksBuildPhase section */

/* Begin PBXGroup section */
		B153BC3424BA3DEC004AB124 = {
			isa = PBXGroup;
			children = (
				B1384AEE24BBE992007177FF /* Photo+CoreDataClass.swift */,
				B153BC3F24BA3DEC004AB124 /* MyPhotoApp */,
				B153BC5924BA3DEF004AB124 /* MyPhotoAppTests */,
				B153BC3E24BA3DEC004AB124 /* Products */,
			);
			sourceTree = "<group>";
		};
		B153BC3E24BA3DEC004AB124 /* Products */ = {
			isa = PBXGroup;
			children = (
				B153BC3D24BA3DEC004AB124 /* MyPhotoApp.app */,
				B153BC5624BA3DEF004AB124 /* MyPhotoAppTests.xctest */,
			);
			name = Products;
			sourceTree = "<group>";
		};
		B153BC3F24BA3DEC004AB124 /* MyPhotoApp */ = {
			isa = PBXGroup;
			children = (
				B153BC4024BA3DEC004AB124 /* AppDelegate.swift */,
				B153BC4C24BA3DEF004AB124 /* Assets.xcassets */,
				B1384AEC24BBE8E6007177FF /* Constants.swift */,
				B18812CD24BB6449008814AB /* Controllers */,
				B194681324BA982200DCD29A /* ImageStore.swift */,
				B153BC5124BA3DEF004AB124 /* Info.plist */,
				B153BC4E24BA3DEF004AB124 /* LaunchScreen.storyboard */,
				B153BC4624BA3DEC004AB124 /* Main.storyboard */,
				B18812CC24BB642A008814AB /* Models */,
				B153BC4924BA3DEC004AB124 /* MyPhotoApp.xcdatamodeld */,
				B18812CE24BB6467008814AB /* Networking */,
				B153BC4224BA3DEC004AB124 /* SceneDelegate.swift */,
				B18812CF24BB6483008814AB /* Views */,
			);
			path = MyPhotoApp;
			sourceTree = "<group>";
		};
		B153BC5924BA3DEF004AB124 /* MyPhotoAppTests */ = {
			isa = PBXGroup;
			children = (
				B153BC5A24BA3DEF004AB124 /* MyPhotoAppTests.swift */,
				B153BC5C24BA3DEF004AB124 /* Info.plist */,
			);
			path = MyPhotoAppTests;
			sourceTree = "<group>";
		};
		B18812CC24BB642A008814AB /* Models */ = {
			isa = PBXGroup;
			children = (
				B1384AEF24BBE992007177FF /* Photo+CoreDataProperties.swift */,
				B153BC6724BA4226004AB124 /* PhotoStore.swift */,
				B153BC6924BA4542004AB124 /* FlickrPhoto.swift */,
				B194680F24BA54EF00DCD29A /* PhotoDataSource.swift */,
			);
			path = Models;
			sourceTree = "<group>";
		};
		B18812CD24BB6449008814AB /* Controllers */ = {
			isa = PBXGroup;
			children = (
				B153BC4424BA3DEC004AB124 /* PhotosViewController.swift */,
				B194681524BA993E00DCD29A /* PhotoInfoViewController.swift */,
			);
			path = Controllers;
			sourceTree = "<group>";
		};
		B18812CE24BB6467008814AB /* Networking */ = {
			isa = PBXGroup;
			children = (
				B153BC6524BA3EF5004AB124 /* FlickrAPI.swift */,
				B153BC6B24BA45BB004AB124 /* FlickrResponse.swift */,
				B153BC6D24BA45FC004AB124 /* FlickrPhotosResponse.swift */,
			);
			path = Networking;
			sourceTree = "<group>";
		};
		B18812CF24BB6483008814AB /* Views */ = {
			isa = PBXGroup;
			children = (
				B194681124BA8F3D00DCD29A /* PhotoCollectionViewCell.swift */,
			);
			path = Views;
			sourceTree = "<group>";
		};
/* End PBXGroup section */

/* Begin PBXNativeTarget section */
		B153BC3C24BA3DEC004AB124 /* MyPhotoApp */ = {
			isa = PBXNativeTarget;
			buildConfigurationList = B153BC5F24BA3DEF004AB124 /* Build configuration list for PBXNativeTarget "MyPhotoApp" */;
			buildPhases = (
				B153BC3924BA3DEC004AB124 /* Sources */,
				B153BC3A24BA3DEC004AB124 /* Frameworks */,
				B153BC3B24BA3DEC004AB124 /* Resources */,
			);
			buildRules = (
			);
			dependencies = (
			);
			name = MyPhotoApp;
			productName = MyPhotoApp;
			productReference = B153BC3D24BA3DEC004AB124 /* MyPhotoApp.app */;
			productType = "com.apple.product-type.application";
		};
		B153BC5524BA3DEF004AB124 /* MyPhotoAppTests */ = {
			isa = PBXNativeTarget;
			buildConfigurationList = B153BC6224BA3DEF004AB124 /* Build configuration list for PBXNativeTarget "MyPhotoAppTests" */;
			buildPhases = (
				B153BC5224BA3DEF004AB124 /* Sources */,
				B153BC5324BA3DEF004AB124 /* Frameworks */,
				B153BC5424BA3DEF004AB124 /* Resources */,
			);
			buildRules = (
			);
			dependencies = (
				B153BC5824BA3DEF004AB124 /* PBXTargetDependency */,
			);
			name = MyPhotoAppTests;
			productName = MyPhotoAppTests;
			productReference = B153BC5624BA3DEF004AB124 /* MyPhotoAppTests.xctest */;
			productType = "com.apple.product-type.bundle.unit-test";
		};
/* End PBXNativeTarget section */

/* Begin PBXProject section */
		B153BC3524BA3DEC004AB124 /* Project object */ = {
			isa = PBXProject;
			attributes = {
				LastSwiftUpdateCheck = 1150;
				LastUpgradeCheck = 1150;
				ORGANIZATIONNAME = AbneyAnalytics;
				TargetAttributes = {
					B153BC3C24BA3DEC004AB124 = {
						CreatedOnToolsVersion = 11.5;
					};
					B153BC5524BA3DEF004AB124 = {
						CreatedOnToolsVersion = 11.5;
						TestTargetID = B153BC3C24BA3DEC004AB124;
					};
				};
			};
			buildConfigurationList = B153BC3824BA3DEC004AB124 /* Build configuration list for PBXProject "MyPhotoApp" */;
			compatibilityVersion = "Xcode 9.3";
			developmentRegion = en;
			hasScannedForEncodings = 0;
			knownRegions = (
				en,
				Base,
			);
			mainGroup = B153BC3424BA3DEC004AB124;
			productRefGroup = B153BC3E24BA3DEC004AB124 /* Products */;
			projectDirPath = "";
			projectRoot = "";
			targets = (
				B153BC3C24BA3DEC004AB124 /* MyPhotoApp */,
				B153BC5524BA3DEF004AB124 /* MyPhotoAppTests */,
			);
		};
/* End PBXProject section */

/* Begin PBXResourcesBuildPhase section */
		B153BC3B24BA3DEC004AB124 /* Resources */ = {
			isa = PBXResourcesBuildPhase;
			buildActionMask = 2147483647;
			files = (
				B153BC5024BA3DEF004AB124 /* LaunchScreen.storyboard in Resources */,
				B153BC4D24BA3DEF004AB124 /* Assets.xcassets in Resources */,
				B153BC4824BA3DEC004AB124 /* Main.storyboard in Resources */,
			);
			runOnlyForDeploymentPostprocessing = 0;
		};
		B153BC5424BA3DEF004AB124 /* Resources */ = {
			isa = PBXResourcesBuildPhase;
			buildActionMask = 2147483647;
			files = (
			);
			runOnlyForDeploymentPostprocessing = 0;
		};
/* End PBXResourcesBuildPhase section */

/* Begin PBXSourcesBuildPhase section */
		B153BC3924BA3DEC004AB124 /* Sources */ = {
			isa = PBXSourcesBuildPhase;
			buildActionMask = 2147483647;
			files = (
				B1384AF024BBE992007177FF /* Photo+CoreDataClass.swift in Sources */,
				B153BC6A24BA4542004AB124 /* FlickrPhoto.swift in Sources */,
				B153BC6C24BA45BB004AB124 /* FlickrResponse.swift in Sources */,
				B153BC4B24BA3DEC004AB124 /* MyPhotoApp.xcdatamodeld in Sources */,
				B194681024BA54EF00DCD29A /* PhotoDataSource.swift in Sources */,
				B194681624BA993E00DCD29A /* PhotoInfoViewController.swift in Sources */,
				B153BC6E24BA45FC004AB124 /* FlickrPhotosResponse.swift in Sources */,
				B153BC4524BA3DEC004AB124 /* PhotosViewController.swift in Sources */,
				B153BC4124BA3DEC004AB124 /* AppDelegate.swift in Sources */,
				B153BC4324BA3DEC004AB124 /* SceneDelegate.swift in Sources */,
				B153BC6824BA4226004AB124 /* PhotoStore.swift in Sources */,
				B194681224BA8F3D00DCD29A /* PhotoCollectionViewCell.swift in Sources */,
				B1384AED24BBE8E6007177FF /* Constants.swift in Sources */,
				B153BC6624BA3EF5004AB124 /* FlickrAPI.swift in Sources */,
				B1384AF124BBE992007177FF /* Photo+CoreDataProperties.swift in Sources */,
				B194681424BA982200DCD29A /* ImageStore.swift in Sources */,
			);
			runOnlyForDeploymentPostprocessing = 0;
		};
		B153BC5224BA3DEF004AB124 /* Sources */ = {
			isa = PBXSourcesBuildPhase;
			buildActionMask = 2147483647;
			files = (
				B153BC5B24BA3DEF004AB124 /* MyPhotoAppTests.swift in Sources */,
			);
			runOnlyForDeploymentPostprocessing = 0;
		};
/* End PBXSourcesBuildPhase section */

/* Begin PBXTargetDependency section */
		B153BC5824BA3DEF004AB124 /* PBXTargetDependency */ = {
			isa = PBXTargetDependency;
			target = B153BC3C24BA3DEC004AB124 /* MyPhotoApp */;
			targetProxy = B153BC5724BA3DEF004AB124 /* PBXContainerItemProxy */;
		};
/* End PBXTargetDependency section */

/* Begin PBXVariantGroup section */
		B153BC4624BA3DEC004AB124 /* Main.storyboard */ = {
			isa = PBXVariantGroup;
			children = (
				B153BC4724BA3DEC004AB124 /* Base */,
			);
			name = Main.storyboard;
			sourceTree = "<group>";
		};
		B153BC4E24BA3DEF004AB124 /* LaunchScreen.storyboard */ = {
			isa = PBXVariantGroup;
			children = (
				B153BC4F24BA3DEF004AB124 /* Base */,
			);
			name = LaunchScreen.storyboard;
			sourceTree = "<group>";
		};
/* End PBXVariantGroup section */

/* Begin XCBuildConfiguration section */
		B153BC5D24BA3DEF004AB124 /* Debug */ = {
			isa = XCBuildConfiguration;
			buildSettings = {
				ALWAYS_SEARCH_USER_PATHS = NO;
				CLANG_ANALYZER_NONNULL = YES;
				CLANG_ANALYZER_NUMBER_OBJECT_CONVERSION = YES_AGGRESSIVE;
				CLANG_CXX_LANGUAGE_STANDARD = "gnu++14";
				CLANG_CXX_LIBRARY = "libc++";
				CLANG_ENABLE_MODULES = YES;
				CLANG_ENABLE_OBJC_ARC = YES;
				CLANG_ENABLE_OBJC_WEAK = YES;
				CLANG_WARN_BLOCK_CAPTURE_AUTORELEASING = YES;
				CLANG_WARN_BOOL_CONVERSION = YES;
				CLANG_WARN_COMMA = YES;
				CLANG_WARN_CONSTANT_CONVERSION = YES;
				CLANG_WARN_DEPRECATED_OBJC_IMPLEMENTATIONS = YES;
				CLANG_WARN_DIRECT_OBJC_ISA_USAGE = YES_ERROR;
				CLANG_WARN_DOCUMENTATION_COMMENTS = YES;
				CLANG_WARN_EMPTY_BODY = YES;
				CLANG_WARN_ENUM_CONVERSION = YES;
				CLANG_WARN_INFINITE_RECURSION = YES;
				CLANG_WARN_INT_CONVERSION = YES;
				CLANG_WARN_NON_LITERAL_NULL_CONVERSION = YES;
				CLANG_WARN_OBJC_IMPLICIT_RETAIN_SELF = YES;
				CLANG_WARN_OBJC_LITERAL_CONVERSION = YES;
				CLANG_WARN_OBJC_ROOT_CLASS = YES_ERROR;
				CLANG_WARN_RANGE_LOOP_ANALYSIS = YES;
				CLANG_WARN_STRICT_PROTOTYPES = YES;
				CLANG_WARN_SUSPICIOUS_MOVE = YES;
				CLANG_WARN_UNGUARDED_AVAILABILITY = YES_AGGRESSIVE;
				CLANG_WARN_UNREACHABLE_CODE = YES;
				CLANG_WARN__DUPLICATE_METHOD_MATCH = YES;
				COPY_PHASE_STRIP = NO;
				DEBUG_INFORMATION_FORMAT = dwarf;
				ENABLE_STRICT_OBJC_MSGSEND = YES;
				ENABLE_TESTABILITY = YES;
				GCC_C_LANGUAGE_STANDARD = gnu11;
				GCC_DYNAMIC_NO_PIC = NO;
				GCC_NO_COMMON_BLOCKS = YES;
				GCC_OPTIMIZATION_LEVEL = 0;
				GCC_PREPROCESSOR_DEFINITIONS = (
					"DEBUG=1",
					"$(inherited)",
				);
				GCC_WARN_64_TO_32_BIT_CONVERSION = YES;
				GCC_WARN_ABOUT_RETURN_TYPE = YES_ERROR;
				GCC_WARN_UNDECLARED_SELECTOR = YES;
				GCC_WARN_UNINITIALIZED_AUTOS = YES_AGGRESSIVE;
				GCC_WARN_UNUSED_FUNCTION = YES;
				GCC_WARN_UNUSED_VARIABLE = YES;
				IPHONEOS_DEPLOYMENT_TARGET = 13.5;
				MTL_ENABLE_DEBUG_INFO = INCLUDE_SOURCE;
				MTL_FAST_MATH = YES;
				ONLY_ACTIVE_ARCH = YES;
				SDKROOT = iphoneos;
				SWIFT_ACTIVE_COMPILATION_CONDITIONS = DEBUG;
				SWIFT_OPTIMIZATION_LEVEL = "-Onone";
			};
			name = Debug;
		};
		B153BC5E24BA3DEF004AB124 /* Release */ = {
			isa = XCBuildConfiguration;
			buildSettings = {
				ALWAYS_SEARCH_USER_PATHS = NO;
				CLANG_ANALYZER_NONNULL = YES;
				CLANG_ANALYZER_NUMBER_OBJECT_CONVERSION = YES_AGGRESSIVE;
				CLANG_CXX_LANGUAGE_STANDARD = "gnu++14";
				CLANG_CXX_LIBRARY = "libc++";
				CLANG_ENABLE_MODULES = YES;
				CLANG_ENABLE_OBJC_ARC = YES;
				CLANG_ENABLE_OBJC_WEAK = YES;
				CLANG_WARN_BLOCK_CAPTURE_AUTORELEASING = YES;
				CLANG_WARN_BOOL_CONVERSION = YES;
				CLANG_WARN_COMMA = YES;
				CLANG_WARN_CONSTANT_CONVERSION = YES;
				CLANG_WARN_DEPRECATED_OBJC_IMPLEMENTATIONS = YES;
				CLANG_WARN_DIRECT_OBJC_ISA_USAGE = YES_ERROR;
				CLANG_WARN_DOCUMENTATION_COMMENTS = YES;
				CLANG_WARN_EMPTY_BODY = YES;
				CLANG_WARN_ENUM_CONVERSION = YES;
				CLANG_WARN_INFINITE_RECURSION = YES;
				CLANG_WARN_INT_CONVERSION = YES;
				CLANG_WARN_NON_LITERAL_NULL_CONVERSION = YES;
				CLANG_WARN_OBJC_IMPLICIT_RETAIN_SELF = YES;
				CLANG_WARN_OBJC_LITERAL_CONVERSION = YES;
				CLANG_WARN_OBJC_ROOT_CLASS = YES_ERROR;
				CLANG_WARN_RANGE_LOOP_ANALYSIS = YES;
				CLANG_WARN_STRICT_PROTOTYPES = YES;
				CLANG_WARN_SUSPICIOUS_MOVE = YES;
				CLANG_WARN_UNGUARDED_AVAILABILITY = YES_AGGRESSIVE;
				CLANG_WARN_UNREACHABLE_CODE = YES;
				CLANG_WARN__DUPLICATE_METHOD_MATCH = YES;
				COPY_PHASE_STRIP = NO;
				DEBUG_INFORMATION_FORMAT = "dwarf-with-dsym";
				ENABLE_NS_ASSERTIONS = NO;
				ENABLE_STRICT_OBJC_MSGSEND = YES;
				GCC_C_LANGUAGE_STANDARD = gnu11;
				GCC_NO_COMMON_BLOCKS = YES;
				GCC_WARN_64_TO_32_BIT_CONVERSION = YES;
				GCC_WARN_ABOUT_RETURN_TYPE = YES_ERROR;
				GCC_WARN_UNDECLARED_SELECTOR = YES;
				GCC_WARN_UNINITIALIZED_AUTOS = YES_AGGRESSIVE;
				GCC_WARN_UNUSED_FUNCTION = YES;
				GCC_WARN_UNUSED_VARIABLE = YES;
				IPHONEOS_DEPLOYMENT_TARGET = 13.5;
				MTL_ENABLE_DEBUG_INFO = NO;
				MTL_FAST_MATH = YES;
				SDKROOT = iphoneos;
				SWIFT_COMPILATION_MODE = wholemodule;
				SWIFT_OPTIMIZATION_LEVEL = "-O";
				VALIDATE_PRODUCT = YES;
			};
			name = Release;
		};
		B153BC6024BA3DEF004AB124 /* Debug */ = {
			isa = XCBuildConfiguration;
			buildSettings = {
				ASSETCATALOG_COMPILER_APPICON_NAME = AppIcon;
				CODE_SIGN_STYLE = Automatic;
				DEVELOPMENT_TEAM = W7ULA4X9L6;
				INFOPLIST_FILE = MyPhotoApp/Info.plist;
				LD_RUNPATH_SEARCH_PATHS = (
					"$(inherited)",
					"@executable_path/Frameworks",
				);
				PRODUCT_BUNDLE_IDENTIFIER = com.abneyanalytics.MyPhotoApp;
				PRODUCT_NAME = "$(TARGET_NAME)";
				SWIFT_VERSION = 5.0;
				TARGETED_DEVICE_FAMILY = "1,2";
			};
			name = Debug;
		};
		B153BC6124BA3DEF004AB124 /* Release */ = {
			isa = XCBuildConfiguration;
			buildSettings = {
				ASSETCATALOG_COMPILER_APPICON_NAME = AppIcon;
				CODE_SIGN_STYLE = Automatic;
				DEVELOPMENT_TEAM = W7ULA4X9L6;
				INFOPLIST_FILE = MyPhotoApp/Info.plist;
				LD_RUNPATH_SEARCH_PATHS = (
					"$(inherited)",
					"@executable_path/Frameworks",
				);
				PRODUCT_BUNDLE_IDENTIFIER = com.abneyanalytics.MyPhotoApp;
				PRODUCT_NAME = "$(TARGET_NAME)";
				SWIFT_VERSION = 5.0;
				TARGETED_DEVICE_FAMILY = "1,2";
			};
			name = Release;
		};
		B153BC6324BA3DEF004AB124 /* Debug */ = {
			isa = XCBuildConfiguration;
			buildSettings = {
				ALWAYS_EMBED_SWIFT_STANDARD_LIBRARIES = YES;
				BUNDLE_LOADER = "$(TEST_HOST)";
				CODE_SIGN_STYLE = Automatic;
				DEVELOPMENT_TEAM = W7ULA4X9L6;
				INFOPLIST_FILE = MyPhotoAppTests/Info.plist;
				IPHONEOS_DEPLOYMENT_TARGET = 13.5;
				LD_RUNPATH_SEARCH_PATHS = (
					"$(inherited)",
					"@executable_path/Frameworks",
					"@loader_path/Frameworks",
				);
				PRODUCT_BUNDLE_IDENTIFIER = com.abneyanalytics.MyPhotoAppTests;
				PRODUCT_NAME = "$(TARGET_NAME)";
				SWIFT_VERSION = 5.0;
				TARGETED_DEVICE_FAMILY = "1,2";
				TEST_HOST = "$(BUILT_PRODUCTS_DIR)/MyPhotoApp.app/MyPhotoApp";
			};
			name = Debug;
		};
		B153BC6424BA3DEF004AB124 /* Release */ = {
			isa = XCBuildConfiguration;
			buildSettings = {
				ALWAYS_EMBED_SWIFT_STANDARD_LIBRARIES = YES;
				BUNDLE_LOADER = "$(TEST_HOST)";
				CODE_SIGN_STYLE = Automatic;
				DEVELOPMENT_TEAM = W7ULA4X9L6;
				INFOPLIST_FILE = MyPhotoAppTests/Info.plist;
				IPHONEOS_DEPLOYMENT_TARGET = 13.5;
				LD_RUNPATH_SEARCH_PATHS = (
					"$(inherited)",
					"@executable_path/Frameworks",
					"@loader_path/Frameworks",
				);
				PRODUCT_BUNDLE_IDENTIFIER = com.abneyanalytics.MyPhotoAppTests;
				PRODUCT_NAME = "$(TARGET_NAME)";
				SWIFT_VERSION = 5.0;
				TARGETED_DEVICE_FAMILY = "1,2";
				TEST_HOST = "$(BUILT_PRODUCTS_DIR)/MyPhotoApp.app/MyPhotoApp";
			};
			name = Release;
		};
/* End XCBuildConfiguration section */

/* Begin XCConfigurationList section */
		B153BC3824BA3DEC004AB124 /* Build configuration list for PBXProject "MyPhotoApp" */ = {
			isa = XCConfigurationList;
			buildConfigurations = (
				B153BC5D24BA3DEF004AB124 /* Debug */,
				B153BC5E24BA3DEF004AB124 /* Release */,
			);
			defaultConfigurationIsVisible = 0;
			defaultConfigurationName = Release;
		};
		B153BC5F24BA3DEF004AB124 /* Build configuration list for PBXNativeTarget "MyPhotoApp" */ = {
			isa = XCConfigurationList;
			buildConfigurations = (
				B153BC6024BA3DEF004AB124 /* Debug */,
				B153BC6124BA3DEF004AB124 /* Release */,
			);
			defaultConfigurationIsVisible = 0;
			defaultConfigurationName = Release;
		};
		B153BC6224BA3DEF004AB124 /* Build configuration list for PBXNativeTarget "MyPhotoAppTests" */ = {
			isa = XCConfigurationList;
			buildConfigurations = (
				B153BC6324BA3DEF004AB124 /* Debug */,
				B153BC6424BA3DEF004AB124 /* Release */,
			);
			defaultConfigurationIsVisible = 0;
			defaultConfigurationName = Release;
		};
/* End XCConfigurationList section */

/* Begin XCVersionGroup section */
		B153BC4924BA3DEC004AB124 /* MyPhotoApp.xcdatamodeld */ = {
			isa = XCVersionGroup;
			children = (
				B153BC4A24BA3DEC004AB124 /* MyPhotoApp.xcdatamodel */,
			);
			currentVersion = B153BC4A24BA3DEC004AB124 /* MyPhotoApp.xcdatamodel */;
			path = MyPhotoApp.xcdatamodeld;
			sourceTree = "<group>";
			versionGroupType = wrapper.xcdatamodel;
		};
/* End XCVersionGroup section */
	};
	rootObject = B153BC3524BA3DEC004AB124 /* Project object */;
}
